Microsoft Visual Studio Solution File, Format Version 12.00
# Visual Studio Version 18
VisualStudioVersion = 18.7.11903.348 stable
MinimumVisualStudioVersion = 10.0.40219.1
Project("{FAE04EC0-301F-11D3-BF4B-00C04F79EFBC}") = "DateAdder", "src\DateAdder\DateAdder.csproj", "{A7A1D0F0-0A3B-4B4A-9D56-A3C8D0DC9D92}"
EndProject
Project("{FAE04EC0-301F-11D3-BF4B-00C04F79EFBC}") = "DateAdder.Tests", "tests\DateAdder.Tests\DateAdder.Tests.csproj", "{C1981723-2C4A-41DF-BBF1-61D0CEB4C3A7}"
EndProject
Global
	GlobalSection(SolutionConfigurationPlatforms) = preSolution
		Debug|Any CPU = Debug|Any CPU
		Release|Any CPU = Release|Any CPU
	EndGlobalSection
	GlobalSection(ProjectConfigurationPlatforms) = postSolution
		{A7A1D0F0-0A3B-4B4A-9D56-A3C8D0DC9D92}.Debug|Any CPU.ActiveCfg = Debug|Any CPU
		{A7A1D0F0-0A3B-4B4A-9D56-A3C8D0DC9D92}.Debug|Any CPU.Build.0 = Debug|Any CPU
		{A7A1D0F0-0A3B-4B4A-9D56-A3C8D0DC9D92}.Release|Any CPU.ActiveCfg = Release|Any CPU
		{A7A1D0F0-0A3B-4B4A-9D56-A3C8D0DC9D92}.Release|Any CPU.Build.0 = Release|Any CPU
		{C1981723-2C4A-41DF-BBF1-61D0CEB4C3A7}.Debug|Any CPU.ActiveCfg = Debug|Any CPU
		{C1981723-2C4A-41DF-BBF1-61D0CEB4C3A7}.Debug|Any CPU.Build.0 = Debug|Any CPU
		{C1981723-2C4A-41DF-BBF1-61D0CEB4C3A7}.Release|Any CPU.ActiveCfg = Release|Any CPU
		{C1981723-2C4A-41DF-BBF1-61D0CEB4C3A7}.Release|Any CPU.Build.0 = Release|Any CPU
	EndGlobalSection
	GlobalSection(SolutionProperties) = preSolution
		HideSolutionNode = FALSE
	EndGlobalSection
EndGlobal
